
Microsoft Visual Studio Solution File, Format Version 12.00
# Visual Studio Version 16
VisualStudioVersion = 25.0.1706.14
MinimumVisualStudioVersion = 10.0.40219.1
Project("{FAE04EC0-301F-11D3-BF4B-00C04F79EFBC}") = "MongoCrud", "MongoCrud\MongoCrud.csproj", "{8EAD37B9-13DC-4D22-BD7A-67E9C066DB0F}"
EndProject
Project("{FAE04EC0-301F-11D3-BF4B-00C04F79EFBC}") = "MongoDbDeneme", "MongoDbDeneme\MongoDbDeneme.csproj", "{3D1E29FF-D481-44C6-BE7A-FCED33DF3A1C}"
EndProject
Global
	GlobalSection(SolutionConfigurationPlatforms) = preSolution
		Debug|Any CPU = Debug|Any CPU
		Release|Any CPU = Release|Any CPU
	EndGlobalSection
	GlobalSection(ProjectConfigurationPlatforms) = postSolution
		{8EAD37B9-13DC-4D22-BD7A-67E9C066DB0F}.Debug|Any CPU.ActiveCfg = Debug|Any CPU
		{8EAD37B9-13DC-4D22-BD7A-67E9C066DB0F}.Debug|Any CPU.Build.0 = Debug|Any CPU
		{8EAD37B9-13DC-4D22-BD7A-67E9C066DB0F}.Release|Any CPU.ActiveCfg = Release|Any CPU
		{8EAD37B9-13DC-4D22-BD7A-67E9C066DB0F}.Release|Any CPU.Build.0 = Release|Any CPU
		{3D1E29FF-D481-44C6-BE7A-FCED33DF3A1C}.Debug|Any CPU.ActiveCfg = Debug|Any CPU
		{3D1E29FF-D481-44C6-BE7A-FCED33DF3A1C}.Debug|Any CPU.Build.0 = Debug|Any CPU
		{3D1E29FF-D481-44C6-BE7A-FCED33DF3A1C}.Release|Any CPU.ActiveCfg = Release|Any CPU
		{3D1E29FF-D481-44C6-BE7A-FCED33DF3A1C}.Release|Any CPU.Build.0 = Release|Any CPU
	EndGlobalSection
	GlobalSection(SolutionProperties) = preSolution
		HideSolutionNode = FALSE
	EndGlobalSection
	GlobalSection(ExtensibilityGlobals) = postSolution
		SolutionGuid = {A5AF5ED0-BFF0-40A9-B30B-4EB78FBE6601}
	EndGlobalSection
EndGlobal
